// !$*UTF8*$!
{
	archiveVersion = 1;
	classes = {
	};
	objectVersion = 56;
	objects = {

/* Begin PBXBuildFile section */
		7E700850DADEE56250539E27 /* Pods_YandexProjectTodo2023Tests.framework in Frameworks */ = {isa = PBXBuildFile; fileRef = 581046C3CA63EC9CE027C370 /* Pods_YandexProjectTodo2023Tests.framework */; };
		940D07EB2A599FD30049D66B /* FileCacheJSON.swift in Sources */ = {isa = PBXBuildFile; fileRef = 940D07EA2A599FD30049D66B /* FileCacheJSON.swift */; };
		940D07ED2A599FE70049D66B /* TodoItem.swift in Sources */ = {isa = PBXBuildFile; fileRef = 940D07EC2A599FE70049D66B /* TodoItem.swift */; };
		940D07F02A59A9850049D66B /* SQLite in Frameworks */ = {isa = PBXBuildFile; productRef = 940D07EF2A59A9850049D66B /* SQLite */; };
		940D07F22A5ACF290049D66B /* FileCacheSQLite.swift in Sources */ = {isa = PBXBuildFile; fileRef = 940D07F12A5ACF290049D66B /* FileCacheSQLite.swift */; };
		940D07F52A5C0F010049D66B /* FileCacheCoreDataModel.xcdatamodeld in Sources */ = {isa = PBXBuildFile; fileRef = 940D07F32A5C0F010049D66B /* FileCacheCoreDataModel.xcdatamodeld */; };
		940D08052A5C19980049D66B /* CoreDataManager.swift in Sources */ = {isa = PBXBuildFile; fileRef = 940D08042A5C19980049D66B /* CoreDataManager.swift */; };
		940D080D2A5C1FC20049D66B /* TodoItemEntity+CoreDataClass.swift in Sources */ = {isa = PBXBuildFile; fileRef = 940D080B2A5C1FC20049D66B /* TodoItemEntity+CoreDataClass.swift */; };
		940D080E2A5C1FC20049D66B /* TodoItemEntity+CoreDataProperties.swift in Sources */ = {isa = PBXBuildFile; fileRef = 940D080C2A5C1FC20049D66B /* TodoItemEntity+CoreDataProperties.swift */; };
		943DD4412A45737300C8B8A2 /* AppDelegate.swift in Sources */ = {isa = PBXBuildFile; fileRef = 943DD4402A45737300C8B8A2 /* AppDelegate.swift */; };
		943DD4432A45737300C8B8A2 /* SceneDelegate.swift in Sources */ = {isa = PBXBuildFile; fileRef = 943DD4422A45737300C8B8A2 /* SceneDelegate.swift */; };
		943DD44A2A45737400C8B8A2 /* Assets.xcassets in Resources */ = {isa = PBXBuildFile; fileRef = 943DD4492A45737400C8B8A2 /* Assets.xcassets */; };
		943DD44D2A45737400C8B8A2 /* LaunchScreen.storyboard in Resources */ = {isa = PBXBuildFile; fileRef = 943DD44B2A45737400C8B8A2 /* LaunchScreen.storyboard */; };
		943DD4632A4574FB00C8B8A2 /* YandexProjectTodo2023Tests.swift in Sources */ = {isa = PBXBuildFile; fileRef = 943DD4622A4574FB00C8B8A2 /* YandexProjectTodo2023Tests.swift */; };
		943DD4742A45787B00C8B8A2 /* FirstScreen+TableViewSettings.swift in Sources */ = {isa = PBXBuildFile; fileRef = 943DD4732A45787B00C8B8A2 /* FirstScreen+TableViewSettings.swift */; };
		943DD4762A45788800C8B8A2 /* FirstScreenTableViewCell.swift in Sources */ = {isa = PBXBuildFile; fileRef = 943DD4752A45788800C8B8A2 /* FirstScreenTableViewCell.swift */; };
		943DD4782A45789400C8B8A2 /* FirstScreen+Ybutton.swift in Sources */ = {isa = PBXBuildFile; fileRef = 943DD4772A45789400C8B8A2 /* FirstScreen+Ybutton.swift */; };
		943DD47A2A45789F00C8B8A2 /* AnimationsForButtons.swift in Sources */ = {isa = PBXBuildFile; fileRef = 943DD4792A45789F00C8B8A2 /* AnimationsForButtons.swift */; };
		943DD47C2A4578AC00C8B8A2 /* FirstScreenViewController.swift in Sources */ = {isa = PBXBuildFile; fileRef = 943DD47B2A4578AC00C8B8A2 /* FirstScreenViewController.swift */; };
		943DD47E2A4578C000C8B8A2 /* SecondScreenViewController+UISetup.swift in Sources */ = {isa = PBXBuildFile; fileRef = 943DD47D2A4578C000C8B8A2 /* SecondScreenViewController+UISetup.swift */; };
		943DD4802A4578CD00C8B8A2 /* SecondScreenTableView+Cells.swift in Sources */ = {isa = PBXBuildFile; fileRef = 943DD47F2A4578CD00C8B8A2 /* SecondScreenTableView+Cells.swift */; };
		943DD4822A4578D800C8B8A2 /* TextViewSettings.swift in Sources */ = {isa = PBXBuildFile; fileRef = 943DD4812A4578D800C8B8A2 /* TextViewSettings.swift */; };
		943DD4842A4578E200C8B8A2 /* SecondScreenViewController.swift in Sources */ = {isa = PBXBuildFile; fileRef = 943DD4832A4578E200C8B8A2 /* SecondScreenViewController.swift */; };
		943DD4862A4578F000C8B8A2 /* ColorPickerView.swift in Sources */ = {isa = PBXBuildFile; fileRef = 943DD4852A4578F000C8B8A2 /* ColorPickerView.swift */; };
		943DD4882A4578FA00C8B8A2 /* UISettings.swift in Sources */ = {isa = PBXBuildFile; fileRef = 943DD4872A4578FA00C8B8A2 /* UISettings.swift */; };
		943DD48A2A45790200C8B8A2 /* Constraints&TopButtonLabel.swift in Sources */ = {isa = PBXBuildFile; fileRef = 943DD4892A45790200C8B8A2 /* Constraints&TopButtonLabel.swift */; };
		943DD48C2A45790A00C8B8A2 /* Exstension UIColor.swift in Sources */ = {isa = PBXBuildFile; fileRef = 943DD48B2A45790A00C8B8A2 /* Exstension UIColor.swift */; };
		943DD48E2A45791600C8B8A2 /* ColorPickerViewController.swift in Sources */ = {isa = PBXBuildFile; fileRef = 943DD48D2A45791600C8B8A2 /* ColorPickerViewController.swift */; };
		946407432A63FFD80012F9ED /* FirstScreenSwiftUIView.swift in Sources */ = {isa = PBXBuildFile; fileRef = 946407422A63FFD80012F9ED /* FirstScreenSwiftUIView.swift */; };
		946407472A652C440012F9ED /* SecondScreenSwiftUIView.swift in Sources */ = {isa = PBXBuildFile; fileRef = 946407462A652C440012F9ED /* SecondScreenSwiftUIView.swift */; };
		9488F68C2A45CB7C00F7C879 /* AnimationForTransition.swift in Sources */ = {isa = PBXBuildFile; fileRef = 9488F68B2A45CB7C00F7C879 /* AnimationForTransition.swift */; };
		9488F68E2A4826D900F7C879 /* SecondScreenTransitionAnimation.swift in Sources */ = {isa = PBXBuildFile; fileRef = 9488F68D2A4826D900F7C879 /* SecondScreenTransitionAnimation.swift */; };
		9488F6902A48302100F7C879 /* FirstScreenPreview.swift in Sources */ = {isa = PBXBuildFile; fileRef = 9488F68F2A48302100F7C879 /* FirstScreenPreview.swift */; };
		94B87E652A50722400D48FA2 /* URLSession+dataTask.swift in Sources */ = {isa = PBXBuildFile; fileRef = 94B87E642A50722400D48FA2 /* URLSession+dataTask.swift */; };
		94B87E6C2A51C48000D48FA2 /* NetworkingService.swift in Sources */ = {isa = PBXBuildFile; fileRef = 94B87E6B2A51C48000D48FA2 /* NetworkingService.swift */; };
		94B87E6E2A51C65C00D48FA2 /* FirstScreen+ActivityIndicator.swift in Sources */ = {isa = PBXBuildFile; fileRef = 94B87E6D2A51C65C00D48FA2 /* FirstScreen+ActivityIndicator.swift */; };
		94D824342A486E4800A4135B /* CocoaLumberjack in Frameworks */ = {isa = PBXBuildFile; productRef = 94D824332A486E4800A4135B /* CocoaLumberjack */; };
		94D824362A486E4800A4135B /* CocoaLumberjackSwift in Frameworks */ = {isa = PBXBuildFile; productRef = 94D824352A486E4800A4135B /* CocoaLumberjackSwift */; };
		94D824392A486E6100A4135B /* FileCachePackage in Frameworks */ = {isa = PBXBuildFile; productRef = 94D824382A486E6100A4135B /* FileCachePackage */; };
		9CCA88C5CC1ED1925CE38D7D /* Pods_YandexProjectTodo2023.framework in Frameworks */ = {isa = PBXBuildFile; fileRef = DA93CA11B13B4121526DEEC7 /* Pods_YandexProjectTodo2023.framework */; };
/* End PBXBuildFile section */

/* Begin PBXContainerItemProxy section */
		943DD4642A4574FB00C8B8A2 /* PBXContainerItemProxy */ = {
			isa = PBXContainerItemProxy;
			containerPortal = 943DD4352A45737300C8B8A2 /* Project object */;
			proxyType = 1;
			remoteGlobalIDString = 943DD43C2A45737300C8B8A2;
			remoteInfo = YandexProjectTodo2023;
		};
/* End PBXContainerItemProxy section */

/* Begin PBXFileReference section */
		437D768BBEBBBE867653B547 /* Pods-YandexProjectTodo2023Tests.release.xcconfig */ = {isa = PBXFileReference; includeInIndex = 1; lastKnownFileType = text.xcconfig; name = "Pods-YandexProjectTodo2023Tests.release.xcconfig"; path = "Target Support Files/Pods-YandexProjectTodo2023Tests/Pods-YandexProjectTodo2023Tests.release.xcconfig"; sourceTree = "<group>"; };
		56404AACB170AA47F3D773BE /* Pods-YandexProjectTodo2023Tests.debug.xcconfig */ = {isa = PBXFileReference; includeInIndex = 1; lastKnownFileType = text.xcconfig; name = "Pods-YandexProjectTodo2023Tests.debug.xcconfig"; path = "Target Support Files/Pods-YandexProjectTodo2023Tests/Pods-YandexProjectTodo2023Tests.debug.xcconfig"; sourceTree = "<group>"; };
		581046C3CA63EC9CE027C370 /* Pods_YandexProjectTodo2023Tests.framework */ = {isa = PBXFileReference; explicitFileType = wrapper.framework; includeInIndex = 0; path = Pods_YandexProjectTodo2023Tests.framework; sourceTree = BUILT_PRODUCTS_DIR; };
		940D07EA2A599FD30049D66B /* FileCacheJSON.swift */ = {isa = PBXFileReference; lastKnownFileType = sourcecode.swift; path = FileCacheJSON.swift; sourceTree = "<group>"; };
		940D07EC2A599FE70049D66B /* TodoItem.swift */ = {isa = PBXFileReference; lastKnownFileType = sourcecode.swift; path = TodoItem.swift; sourceTree = "<group>"; };
		940D07F12A5ACF290049D66B /* FileCacheSQLite.swift */ = {isa = PBXFileReference; lastKnownFileType = sourcecode.swift; path = FileCacheSQLite.swift; sourceTree = "<group>"; };
		940D07F42A5C0F010049D66B /* FileCacheCoreDataModel.xcdatamodel */ = {isa = PBXFileReference; lastKnownFileType = wrapper.xcdatamodel; path = FileCacheCoreDataModel.xcdatamodel; sourceTree = "<group>"; };
		940D08042A5C19980049D66B /* CoreDataManager.swift */ = {isa = PBXFileReference; lastKnownFileType = sourcecode.swift; path = CoreDataManager.swift; sourceTree = "<group>"; };
		940D080B2A5C1FC20049D66B /* TodoItemEntity+CoreDataClass.swift */ = {isa = PBXFileReference; lastKnownFileType = sourcecode.swift; name = "TodoItemEntity+CoreDataClass.swift"; path = "../../../TodoItemEntity+CoreDataClass.swift"; sourceTree = "<group>"; };
		940D080C2A5C1FC20049D66B /* TodoItemEntity+CoreDataProperties.swift */ = {isa = PBXFileReference; lastKnownFileType = sourcecode.swift; name = "TodoItemEntity+CoreDataProperties.swift"; path = "../../../TodoItemEntity+CoreDataProperties.swift"; sourceTree = "<group>"; };
		943DD43D2A45737300C8B8A2 /* YandexProjectTodo2023.app */ = {isa = PBXFileReference; explicitFileType = wrapper.application; includeInIndex = 0; path = YandexProjectTodo2023.app; sourceTree = BUILT_PRODUCTS_DIR; };
		943DD4402A45737300C8B8A2 /* AppDelegate.swift */ = {isa = PBXFileReference; lastKnownFileType = sourcecode.swift; path = AppDelegate.swift; sourceTree = "<group>"; };
		943DD4422A45737300C8B8A2 /* SceneDelegate.swift */ = {isa = PBXFileReference; lastKnownFileType = sourcecode.swift; path = SceneDelegate.swift; sourceTree = "<group>"; };
		943DD4492A45737400C8B8A2 /* Assets.xcassets */ = {isa = PBXFileReference; lastKnownFileType = folder.assetcatalog; path = Assets.xcassets; sourceTree = "<group>"; };
		943DD44C2A45737400C8B8A2 /* Base */ = {isa = PBXFileReference; lastKnownFileType = file.storyboard; name = Base; path = Base.lproj/LaunchScreen.storyboard; sourceTree = "<group>"; };
		943DD44E2A45737400C8B8A2 /* Info.plist */ = {isa = PBXFileReference; lastKnownFileType = text.plist.xml; path = Info.plist; sourceTree = "<group>"; };
		943DD4602A4574FB00C8B8A2 /* YandexProjectTodo2023Tests.xctest */ = {isa = PBXFileReference; explicitFileType = wrapper.cfbundle; includeInIndex = 0; path = YandexProjectTodo2023Tests.xctest; sourceTree = BUILT_PRODUCTS_DIR; };
		943DD4622A4574FB00C8B8A2 /* YandexProjectTodo2023Tests.swift */ = {isa = PBXFileReference; lastKnownFileType = sourcecode.swift; path = YandexProjectTodo2023Tests.swift; sourceTree = "<group>"; };
		943DD4692A4575C000C8B8A2 /* TestPlan.xctestplan */ = {isa = PBXFileReference; lastKnownFileType = text; path = TestPlan.xctestplan; sourceTree = "<group>"; };
		943DD4732A45787B00C8B8A2 /* FirstScreen+TableViewSettings.swift */ = {isa = PBXFileReference; lastKnownFileType = sourcecode.swift; path = "FirstScreen+TableViewSettings.swift"; sourceTree = "<group>"; };
		943DD4752A45788800C8B8A2 /* FirstScreenTableViewCell.swift */ = {isa = PBXFileReference; lastKnownFileType = sourcecode.swift; path = FirstScreenTableViewCell.swift; sourceTree = "<group>"; };
		943DD4772A45789400C8B8A2 /* FirstScreen+Ybutton.swift */ = {isa = PBXFileReference; lastKnownFileType = sourcecode.swift; path = "FirstScreen+Ybutton.swift"; sourceTree = "<group>"; };
		943DD4792A45789F00C8B8A2 /* AnimationsForButtons.swift */ = {isa = PBXFileReference; lastKnownFileType = sourcecode.swift; path = AnimationsForButtons.swift; sourceTree = "<group>"; };
		943DD47B2A4578AC00C8B8A2 /* FirstScreenViewController.swift */ = {isa = PBXFileReference; lastKnownFileType = sourcecode.swift; path = FirstScreenViewController.swift; sourceTree = "<group>"; };
		943DD47D2A4578C000C8B8A2 /* SecondScreenViewController+UISetup.swift */ = {isa = PBXFileReference; lastKnownFileType = sourcecode.swift; path = "SecondScreenViewController+UISetup.swift"; sourceTree = "<group>"; };
		943DD47F2A4578CD00C8B8A2 /* SecondScreenTableView+Cells.swift */ = {isa = PBXFileReference; lastKnownFileType = sourcecode.swift; path = "SecondScreenTableView+Cells.swift"; sourceTree = "<group>"; };
		943DD4812A4578D800C8B8A2 /* TextViewSettings.swift */ = {isa = PBXFileReference; lastKnownFileType = sourcecode.swift; path = TextViewSettings.swift; sourceTree = "<group>"; };
		943DD4832A4578E200C8B8A2 /* SecondScreenViewController.swift */ = {isa = PBXFileReference; lastKnownFileType = sourcecode.swift; path = SecondScreenViewController.swift; sourceTree = "<group>"; };
		943DD4852A4578F000C8B8A2 /* ColorPickerView.swift */ = {isa = PBXFileReference; lastKnownFileType = sourcecode.swift; path = ColorPickerView.swift; sourceTree = "<group>"; };
		943DD4872A4578FA00C8B8A2 /* UISettings.swift */ = {isa = PBXFileReference; lastKnownFileType = sourcecode.swift; path = UISettings.swift; sourceTree = "<group>"; };
		943DD4892A45790200C8B8A2 /* Constraints&TopButtonLabel.swift */ = {isa = PBXFileReference; lastKnownFileType = sourcecode.swift; path = "Constraints&TopButtonLabel.swift"; sourceTree = "<group>"; };
		943DD48B2A45790A00C8B8A2 /* Exstension UIColor.swift */ = {isa = PBXFileReference; lastKnownFileType = sourcecode.swift; path = "Exstension UIColor.swift"; sourceTree = "<group>"; };
		943DD48D2A45791600C8B8A2 /* ColorPickerViewController.swift */ = {isa = PBXFileReference; lastKnownFileType = sourcecode.swift; path = ColorPickerViewController.swift; sourceTree = "<group>"; };
		946407422A63FFD80012F9ED /* FirstScreenSwiftUIView.swift */ = {isa = PBXFileReference; lastKnownFileType = sourcecode.swift; path = FirstScreenSwiftUIView.swift; sourceTree = "<group>"; };
		946407462A652C440012F9ED /* SecondScreenSwiftUIView.swift */ = {isa = PBXFileReference; lastKnownFileType = sourcecode.swift; path = SecondScreenSwiftUIView.swift; sourceTree = "<group>"; };
		9488F68B2A45CB7C00F7C879 /* AnimationForTransition.swift */ = {isa = PBXFileReference; lastKnownFileType = sourcecode.swift; path = AnimationForTransition.swift; sourceTree = "<group>"; };
		9488F68D2A4826D900F7C879 /* SecondScreenTransitionAnimation.swift */ = {isa = PBXFileReference; lastKnownFileType = sourcecode.swift; path = SecondScreenTransitionAnimation.swift; sourceTree = "<group>"; };
		9488F68F2A48302100F7C879 /* FirstScreenPreview.swift */ = {isa = PBXFileReference; lastKnownFileType = sourcecode.swift; path = FirstScreenPreview.swift; sourceTree = "<group>"; };
		94B87E642A50722400D48FA2 /* URLSession+dataTask.swift */ = {isa = PBXFileReference; lastKnownFileType = sourcecode.swift; path = "URLSession+dataTask.swift"; sourceTree = "<group>"; };
		94B87E6B2A51C48000D48FA2 /* NetworkingService.swift */ = {isa = PBXFileReference; lastKnownFileType = sourcecode.swift; path = NetworkingService.swift; sourceTree = "<group>"; };
		94B87E6D2A51C65C00D48FA2 /* FirstScreen+ActivityIndicator.swift */ = {isa = PBXFileReference; lastKnownFileType = sourcecode.swift; path = "FirstScreen+ActivityIndicator.swift"; sourceTree = "<group>"; };
		AD3F6A74EA11CC4A015BF357 /* Pods-YandexProjectTodo2023.debug.xcconfig */ = {isa = PBXFileReference; includeInIndex = 1; lastKnownFileType = text.xcconfig; name = "Pods-YandexProjectTodo2023.debug.xcconfig"; path = "Target Support Files/Pods-YandexProjectTodo2023/Pods-YandexProjectTodo2023.debug.xcconfig"; sourceTree = "<group>"; };
		BA5D15F90CBD84342ADCCB93 /* Pods-YandexProjectTodo2023.release.xcconfig */ = {isa = PBXFileReference; includeInIndex = 1; lastKnownFileType = text.xcconfig; name = "Pods-YandexProjectTodo2023.release.xcconfig"; path = "Target Support Files/Pods-YandexProjectTodo2023/Pods-YandexProjectTodo2023.release.xcconfig"; sourceTree = "<group>"; };
		DA93CA11B13B4121526DEEC7 /* Pods_YandexProjectTodo2023.framework */ = {isa = PBXFileReference; explicitFileType = wrapper.framework; includeInIndex = 0; path = Pods_YandexProjectTodo2023.framework; sourceTree = BUILT_PRODUCTS_DIR; };
/* End PBXFileReference section */

/* Begin PBXFrameworksBuildPhase section */
		943DD43A2A45737300C8B8A2 /* Frameworks */ = {
			isa = PBXFrameworksBuildPhase;
			buildActionMask = 2147483647;
			files = (
				940D07F02A59A9850049D66B /* SQLite in Frameworks */,
				94D824392A486E6100A4135B /* FileCachePackage in Frameworks */,
				94D824362A486E4800A4135B /* CocoaLumberjackSwift in Frameworks */,
				94D824342A486E4800A4135B /* CocoaLumberjack in Frameworks */,
				9CCA88C5CC1ED1925CE38D7D /* Pods_YandexProjectTodo2023.framework in Frameworks */,
			);
			runOnlyForDeploymentPostprocessing = 0;
		};
		943DD45D2A4574FB00C8B8A2 /* Frameworks */ = {
			isa = PBXFrameworksBuildPhase;
			buildActionMask = 2147483647;
			files = (
				7E700850DADEE56250539E27 /* Pods_YandexProjectTodo2023Tests.framework in Frameworks */,
			);
			runOnlyForDeploymentPostprocessing = 0;
		};
/* End PBXFrameworksBuildPhase section */

/* Begin PBXGroup section */
		940D07E92A599FC60049D66B /* Model */ = {
			isa = PBXGroup;
			children = (
				940D08062A5C19A80049D66B /* CoreData */,
				940D07F12A5ACF290049D66B /* FileCacheSQLite.swift */,
				940D07EA2A599FD30049D66B /* FileCacheJSON.swift */,
				940D07EC2A599FE70049D66B /* TodoItem.swift */,
			);
			path = Model;
			sourceTree = "<group>";
		};
		940D08062A5C19A80049D66B /* CoreData */ = {
			isa = PBXGroup;
			children = (
				940D07F32A5C0F010049D66B /* FileCacheCoreDataModel.xcdatamodeld */,
				940D080B2A5C1FC20049D66B /* TodoItemEntity+CoreDataClass.swift */,
				940D080C2A5C1FC20049D66B /* TodoItemEntity+CoreDataProperties.swift */,
				940D08042A5C19980049D66B /* CoreDataManager.swift */,
			);
			path = CoreData;
			sourceTree = "<group>";
		};
		943DD4342A45737300C8B8A2 = {
			isa = PBXGroup;
			children = (
				943DD43F2A45737300C8B8A2 /* YandexProjectTodo2023 */,
				943DD4612A4574FB00C8B8A2 /* YandexProjectTodo2023Tests */,
				943DD43E2A45737300C8B8A2 /* Products */,
				E85E467AFE8B66D8088F30D3 /* Pods */,
				D706C6AA0EEAA48ABBB601DD /* Frameworks */,
			);
			sourceTree = "<group>";
		};
		943DD43E2A45737300C8B8A2 /* Products */ = {
			isa = PBXGroup;
			children = (
				943DD43D2A45737300C8B8A2 /* YandexProjectTodo2023.app */,
				943DD4602A4574FB00C8B8A2 /* YandexProjectTodo2023Tests.xctest */,
			);
			name = Products;
			sourceTree = "<group>";
		};
		943DD43F2A45737300C8B8A2 /* YandexProjectTodo2023 */ = {
			isa = PBXGroup;
			children = (
				946407412A63FFB50012F9ED /* SwiftUI */,
				943DD4402A45737300C8B8A2 /* AppDelegate.swift */,
				943DD4422A45737300C8B8A2 /* SceneDelegate.swift */,
				94B87E6A2A51BC2E00D48FA2 /* NetworkingService */,
				940D07E92A599FC60049D66B /* Model */,
				943DD46A2A45770600C8B8A2 /* FirstScreen */,
				943DD46D2A45772D00C8B8A2 /* SecondScreen */,
				943DD4702A45775A00C8B8A2 /* ColorPickerScreen */,
				943DD4492A45737400C8B8A2 /* Assets.xcassets */,
				943DD44B2A45737400C8B8A2 /* LaunchScreen.storyboard */,
				943DD44E2A45737400C8B8A2 /* Info.plist */,
			);
			path = YandexProjectTodo2023;
			sourceTree = "<group>";
		};
		943DD4612A4574FB00C8B8A2 /* YandexProjectTodo2023Tests */ = {
			isa = PBXGroup;
			children = (
				943DD4622A4574FB00C8B8A2 /* YandexProjectTodo2023Tests.swift */,
				943DD4692A4575C000C8B8A2 /* TestPlan.xctestplan */,
			);
			path = YandexProjectTodo2023Tests;
			sourceTree = "<group>";
		};
		943DD46A2A45770600C8B8A2 /* FirstScreen */ = {
			isa = PBXGroup;
			children = (
				943DD46C2A45771E00C8B8A2 /* View */,
				943DD46B2A45771100C8B8A2 /* Controller */,
			);
			path = FirstScreen;
			sourceTree = "<group>";
		};
		943DD46B2A45771100C8B8A2 /* Controller */ = {
			isa = PBXGroup;
			children = (
				943DD47B2A4578AC00C8B8A2 /* FirstScreenViewController.swift */,
			);
			path = Controller;
			sourceTree = "<group>";
		};
		943DD46C2A45771E00C8B8A2 /* View */ = {
			isa = PBXGroup;
			children = (
				943DD4732A45787B00C8B8A2 /* FirstScreen+TableViewSettings.swift */,
				943DD4752A45788800C8B8A2 /* FirstScreenTableViewCell.swift */,
				94B87E6D2A51C65C00D48FA2 /* FirstScreen+ActivityIndicator.swift */,
				943DD4772A45789400C8B8A2 /* FirstScreen+Ybutton.swift */,
				9488F68F2A48302100F7C879 /* FirstScreenPreview.swift */,
				943DD4792A45789F00C8B8A2 /* AnimationsForButtons.swift */,
				9488F68B2A45CB7C00F7C879 /* AnimationForTransition.swift */,
			);
			path = View;
			sourceTree = "<group>";
		};
		943DD46D2A45772D00C8B8A2 /* SecondScreen */ = {
			isa = PBXGroup;
			children = (
				943DD46F2A45774E00C8B8A2 /* View */,
				943DD46E2A45774600C8B8A2 /* Controller */,
			);
			path = SecondScreen;
			sourceTree = "<group>";
		};
		943DD46E2A45774600C8B8A2 /* Controller */ = {
			isa = PBXGroup;
			children = (
				943DD4832A4578E200C8B8A2 /* SecondScreenViewController.swift */,
			);
			path = Controller;
			sourceTree = "<group>";
		};
		943DD46F2A45774E00C8B8A2 /* View */ = {
			isa = PBXGroup;
			children = (
				943DD47D2A4578C000C8B8A2 /* SecondScreenViewController+UISetup.swift */,
				943DD47F2A4578CD00C8B8A2 /* SecondScreenTableView+Cells.swift */,
				9488F68D2A4826D900F7C879 /* SecondScreenTransitionAnimation.swift */,
				943DD4812A4578D800C8B8A2 /* TextViewSettings.swift */,
			);
			path = View;
			sourceTree = "<group>";
		};
		943DD4702A45775A00C8B8A2 /* ColorPickerScreen */ = {
			isa = PBXGroup;
			children = (
				943DD4722A45776B00C8B8A2 /* View */,
				943DD4712A45776400C8B8A2 /* Controller */,
			);
			path = ColorPickerScreen;
			sourceTree = "<group>";
		};
		943DD4712A45776400C8B8A2 /* Controller */ = {
			isa = PBXGroup;
			children = (
				943DD48D2A45791600C8B8A2 /* ColorPickerViewController.swift */,
			);
			path = Controller;
			sourceTree = "<group>";
		};
		943DD4722A45776B00C8B8A2 /* View */ = {
			isa = PBXGroup;
			children = (
				943DD4852A4578F000C8B8A2 /* ColorPickerView.swift */,
				943DD4872A4578FA00C8B8A2 /* UISettings.swift */,
				943DD4892A45790200C8B8A2 /* Constraints&TopButtonLabel.swift */,
				943DD48B2A45790A00C8B8A2 /* Exstension UIColor.swift */,
			);
			path = View;
			sourceTree = "<group>";
		};
		946407412A63FFB50012F9ED /* SwiftUI */ = {
			isa = PBXGroup;
			children = (
				946407422A63FFD80012F9ED /* FirstScreenSwiftUIView.swift */,
				946407462A652C440012F9ED /* SecondScreenSwiftUIView.swift */,
			);
			path = SwiftUI;
			sourceTree = "<group>";
		};
		94B87E6A2A51BC2E00D48FA2 /* NetworkingService */ = {
			isa = PBXGroup;
			children = (
				94B87E6B2A51C48000D48FA2 /* NetworkingService.swift */,
				94B87E642A50722400D48FA2 /* URLSession+dataTask.swift */,
			);
			path = NetworkingService;
			sourceTree = "<group>";
		};
		D706C6AA0EEAA48ABBB601DD /* Frameworks */ = {
			isa = PBXGroup;
			children = (
				DA93CA11B13B4121526DEEC7 /* Pods_YandexProjectTodo2023.framework */,
				581046C3CA63EC9CE027C370 /* Pods_YandexProjectTodo2023Tests.framework */,
			);
			name = Frameworks;
			sourceTree = "<group>";
		};
		E85E467AFE8B66D8088F30D3 /* Pods */ = {
			isa = PBXGroup;
			children = (
				AD3F6A74EA11CC4A015BF357 /* Pods-YandexProjectTodo2023.debug.xcconfig */,
				BA5D15F90CBD84342ADCCB93 /* Pods-YandexProjectTodo2023.release.xcconfig */,
				56404AACB170AA47F3D773BE /* Pods-YandexProjectTodo2023Tests.debug.xcconfig */,
				437D768BBEBBBE867653B547 /* Pods-YandexProjectTodo2023Tests.release.xcconfig */,
			);
			path = Pods;
			sourceTree = "<group>";
		};
/* End PBXGroup section */

/* Begin PBXNativeTarget section */
		943DD43C2A45737300C8B8A2 /* YandexProjectTodo2023 */ = {
			isa = PBXNativeTarget;
			buildConfigurationList = 943DD4512A45737400C8B8A2 /* Build configuration list for PBXNativeTarget "YandexProjectTodo2023" */;
			buildPhases = (
				7B5917C3BCE0A4C3DDF70963 /* [CP] Check Pods Manifest.lock */,
				943DD4392A45737300C8B8A2 /* Sources */,
				943DD43A2A45737300C8B8A2 /* Frameworks */,
				943DD43B2A45737300C8B8A2 /* Resources */,
				9424D7A52A4973C300A2B9D2 /* ShellScript */,
			);
			buildRules = (
			);
			dependencies = (
			);
			name = YandexProjectTodo2023;
			packageProductDependencies = (
				94D824332A486E4800A4135B /* CocoaLumberjack */,
				94D824352A486E4800A4135B /* CocoaLumberjackSwift */,
				94D824382A486E6100A4135B /* FileCachePackage */,
				940D07EF2A59A9850049D66B /* SQLite */,
			);
			productName = YandexProjectTodo2023;
			productReference = 943DD43D2A45737300C8B8A2 /* YandexProjectTodo2023.app */;
			productType = "com.apple.product-type.application";
		};
		943DD45F2A4574FB00C8B8A2 /* YandexProjectTodo2023Tests */ = {
			isa = PBXNativeTarget;
			buildConfigurationList = 943DD4662A4574FB00C8B8A2 /* Build configuration list for PBXNativeTarget "YandexProjectTodo2023Tests" */;
			buildPhases = (
				1DE928A78C2D1ABABBCF5AA3 /* [CP] Check Pods Manifest.lock */,
				943DD45C2A4574FB00C8B8A2 /* Sources */,
				943DD45D2A4574FB00C8B8A2 /* Frameworks */,
				943DD45E2A4574FB00C8B8A2 /* Resources */,
			);
			buildRules = (
			);
			dependencies = (
				943DD4652A4574FB00C8B8A2 /* PBXTargetDependency */,
			);
			name = YandexProjectTodo2023Tests;
			productName = YandexProjectTodo2023Tests;
			productReference = 943DD4602A4574FB00C8B8A2 /* YandexProjectTodo2023Tests.xctest */;
			productType = "com.apple.product-type.bundle.unit-test";
		};
/* End PBXNativeTarget section */

/* Begin PBXProject section */
		943DD4352A45737300C8B8A2 /* Project object */ = {
			isa = PBXProject;
			attributes = {
				BuildIndependentTargetsInParallel = 1;
				LastSwiftUpdateCheck = 1430;
				LastUpgradeCheck = 1430;
				TargetAttributes = {
					943DD43C2A45737300C8B8A2 = {
						CreatedOnToolsVersion = 14.3.1;
					};
					943DD45F2A4574FB00C8B8A2 = {
						CreatedOnToolsVersion = 14.3.1;
						TestTargetID = 943DD43C2A45737300C8B8A2;
					};
				};
			};
			buildConfigurationList = 943DD4382A45737300C8B8A2 /* Build configuration list for PBXProject "YandexProjectTodo2023" */;
			compatibilityVersion = "Xcode 14.0";
			developmentRegion = en;
			hasScannedForEncodings = 0;
			knownRegions = (
				en,
				Base,
			);
			mainGroup = 943DD4342A45737300C8B8A2;
			packageReferences = (
				94D824322A486E4800A4135B /* XCRemoteSwiftPackageReference "CocoaLumberjack" */,
				94D824372A486E6100A4135B /* XCRemoteSwiftPackageReference "FileCachePackage" */,
				940D07EE2A59A9850049D66B /* XCRemoteSwiftPackageReference "SQLite.swift" */,
			);
			productRefGroup = 943DD43E2A45737300C8B8A2 /* Products */;
			projectDirPath = "";
			projectRoot = "";
			targets = (
				943DD43C2A45737300C8B8A2 /* YandexProjectTodo2023 */,
				943DD45F2A4574FB00C8B8A2 /* YandexProjectTodo2023Tests */,
			);
		};
/* End PBXProject section */

/* Begin PBXResourcesBuildPhase section */
		943DD43B2A45737300C8B8A2 /* Resources */ = {
			isa = PBXResourcesBuildPhase;
			buildActionMask = 2147483647;
			files = (
				943DD44D2A45737400C8B8A2 /* LaunchScreen.storyboard in Resources */,
				943DD44A2A45737400C8B8A2 /* Assets.xcassets in Resources */,
			);
			runOnlyForDeploymentPostprocessing = 0;
		};
		943DD45E2A4574FB00C8B8A2 /* Resources */ = {
			isa = PBXResourcesBuildPhase;
			buildActionMask = 2147483647;
			files = (
			);
			runOnlyForDeploymentPostprocessing = 0;
		};
/* End PBXResourcesBuildPhase section */

/* Begin PBXShellScriptBuildPhase section */
		1DE928A78C2D1ABABBCF5AA3 /* [CP] Check Pods Manifest.lock */ = {
			isa = PBXShellScriptBuildPhase;
			buildActionMask = 2147483647;
			files = (
			);
			inputFileListPaths = (
			);
			inputPaths = (
				"${PODS_PODFILE_DIR_PATH}/Podfile.lock",
				"${PODS_ROOT}/Manifest.lock",
			);
			name = "[CP] Check Pods Manifest.lock";
			outputFileListPaths = (
			);
			outputPaths = (
				"$(DERIVED_FILE_DIR)/Pods-YandexProjectTodo2023Tests-checkManifestLockResult.txt",
			);
			runOnlyForDeploymentPostprocessing = 0;
			shellPath = /bin/sh;
			shellScript = "diff \"${PODS_PODFILE_DIR_PATH}/Podfile.lock\" \"${PODS_ROOT}/Manifest.lock\" > /dev/null\nif [ $? != 0 ] ; then\n    # print error to STDERR\n    echo \"error: The sandbox is not in sync with the Podfile.lock. Run 'pod install' or update your CocoaPods installation.\" >&2\n    exit 1\nfi\n# This output is used by Xcode 'outputs' to avoid re-running this script phase.\necho \"SUCCESS\" > \"${SCRIPT_OUTPUT_FILE_0}\"\n";
			showEnvVarsInLog = 0;
		};
		7B5917C3BCE0A4C3DDF70963 /* [CP] Check Pods Manifest.lock */ = {
			isa = PBXShellScriptBuildPhase;
			buildActionMask = 2147483647;
			files = (
			);
			inputFileListPaths = (
			);
			inputPaths = (
				"${PODS_PODFILE_DIR_PATH}/Podfile.lock",
				"${PODS_ROOT}/Manifest.lock",
			);
			name = "[CP] Check Pods Manifest.lock";
			outputFileListPaths = (
			);
			outputPaths = (
				"$(DERIVED_FILE_DIR)/Pods-YandexProjectTodo2023-checkManifestLockResult.txt",
			);
			runOnlyForDeploymentPostprocessing = 0;
			shellPath = /bin/sh;
			shellScript = "diff \"${PODS_PODFILE_DIR_PATH}/Podfile.lock\" \"${PODS_ROOT}/Manifest.lock\" > /dev/null\nif [ $? != 0 ] ; then\n    # print error to STDERR\n    echo \"error: The sandbox is not in sync with the Podfile.lock. Run 'pod install' or update your CocoaPods installation.\" >&2\n    exit 1\nfi\n# This output is used by Xcode 'outputs' to avoid re-running this script phase.\necho \"SUCCESS\" > \"${SCRIPT_OUTPUT_FILE_0}\"\n";
			showEnvVarsInLog = 0;
		};
		9424D7A52A4973C300A2B9D2 /* ShellScript */ = {
			isa = PBXShellScriptBuildPhase;
			alwaysOutOfDate = 1;
			buildActionMask = 2147483647;
			files = (
			);
			inputFileListPaths = (
			);
			inputPaths = (
			);
			outputFileListPaths = (
			);
			outputPaths = (
			);
			runOnlyForDeploymentPostprocessing = 0;
			shellPath = /bin/sh;
			shellScript = "#\"${PODS_ROOT}/SwiftLint/swiftlint\"\n";
		};
/* End PBXShellScriptBuildPhase section */

/* Begin PBXSourcesBuildPhase section */
		943DD4392A45737300C8B8A2 /* Sources */ = {
			isa = PBXSourcesBuildPhase;
			buildActionMask = 2147483647;
			files = (
				943DD48C2A45790A00C8B8A2 /* Exstension UIColor.swift in Sources */,
				940D07F52A5C0F010049D66B /* FileCacheCoreDataModel.xcdatamodeld in Sources */,
				9488F6902A48302100F7C879 /* FirstScreenPreview.swift in Sources */,
				943DD48A2A45790200C8B8A2 /* Constraints&TopButtonLabel.swift in Sources */,
				94B87E652A50722400D48FA2 /* URLSession+dataTask.swift in Sources */,
				940D07F22A5ACF290049D66B /* FileCacheSQLite.swift in Sources */,
				943DD48E2A45791600C8B8A2 /* ColorPickerViewController.swift in Sources */,
				943DD4412A45737300C8B8A2 /* AppDelegate.swift in Sources */,
				943DD4762A45788800C8B8A2 /* FirstScreenTableViewCell.swift in Sources */,
				943DD4742A45787B00C8B8A2 /* FirstScreen+TableViewSettings.swift in Sources */,
				943DD4842A4578E200C8B8A2 /* SecondScreenViewController.swift in Sources */,
				943DD4432A45737300C8B8A2 /* SceneDelegate.swift in Sources */,
				9488F68C2A45CB7C00F7C879 /* AnimationForTransition.swift in Sources */,
				943DD4822A4578D800C8B8A2 /* TextViewSettings.swift in Sources */,
				94B87E6C2A51C48000D48FA2 /* NetworkingService.swift in Sources */,
				940D080E2A5C1FC20049D66B /* TodoItemEntity+CoreDataProperties.swift in Sources */,
				946407472A652C440012F9ED /* SecondScreenSwiftUIView.swift in Sources */,
				943DD47A2A45789F00C8B8A2 /* AnimationsForButtons.swift in Sources */,
				943DD4802A4578CD00C8B8A2 /* SecondScreenTableView+Cells.swift in Sources */,
				943DD4862A4578F000C8B8A2 /* ColorPickerView.swift in Sources */,
				943DD47C2A4578AC00C8B8A2 /* FirstScreenViewController.swift in Sources */,
				940D080D2A5C1FC20049D66B /* TodoItemEntity+CoreDataClass.swift in Sources */,
				943DD47E2A4578C000C8B8A2 /* SecondScreenViewController+UISetup.swift in Sources */,
				940D07EB2A599FD30049D66B /* FileCacheJSON.swift in Sources */,
				943DD4782A45789400C8B8A2 /* FirstScreen+Ybutton.swift in Sources */,
				943DD4882A4578FA00C8B8A2 /* UISettings.swift in Sources */,
				940D08052A5C19980049D66B /* CoreDataManager.swift in Sources */,
				9488F68E2A4826D900F7C879 /* SecondScreenTransitionAnimation.swift in Sources */,
				946407432A63FFD80012F9ED /* FirstScreenSwiftUIView.swift in Sources */,
				940D07ED2A599FE70049D66B /* TodoItem.swift in Sources */,
				94B87E6E2A51C65C00D48FA2 /* FirstScreen+ActivityIndicator.swift in Sources */,
			);
			runOnlyForDeploymentPostprocessing = 0;
		};
		943DD45C2A4574FB00C8B8A2 /* Sources */ = {
			isa = PBXSourcesBuildPhase;
			buildActionMask = 2147483647;
			files = (
				943DD4632A4574FB00C8B8A2 /* YandexProjectTodo2023Tests.swift in Sources */,
			);
			runOnlyForDeploymentPostprocessing = 0;
		};
/* End PBXSourcesBuildPhase section */

/* Begin PBXTargetDependency section */
		943DD4652A4574FB00C8B8A2 /* PBXTargetDependency */ = {
			isa = PBXTargetDependency;
			target = 943DD43C2A45737300C8B8A2 /* YandexProjectTodo2023 */;
			targetProxy = 943DD4642A4574FB00C8B8A2 /* PBXContainerItemProxy */;
		};
/* End PBXTargetDependency section */

/* Begin PBXVariantGroup section */
		943DD44B2A45737400C8B8A2 /* LaunchScreen.storyboard */ = {
			isa = PBXVariantGroup;
			children = (
				943DD44C2A45737400C8B8A2 /* Base */,
			);
			name = LaunchScreen.storyboard;
			sourceTree = "<group>";
		};
/* End PBXVariantGroup section */

/* Begin XCBuildConfiguration section */
		943DD44F2A45737400C8B8A2 /* Debug */ = {
			isa = XCBuildConfiguration;
			buildSettings = {
				ALWAYS_SEARCH_USER_PATHS = NO;
				CLANG_ANALYZER_NONNULL = YES;
				CLANG_ANALYZER_NUMBER_OBJECT_CONVERSION = YES_AGGRESSIVE;
				CLANG_CXX_LANGUAGE_STANDARD = "gnu++20";
				CLANG_ENABLE_MODULES = YES;
				CLANG_ENABLE_OBJC_ARC = YES;
				CLANG_ENABLE_OBJC_WEAK = YES;
				CLANG_WARN_BLOCK_CAPTURE_AUTORELEASING = YES;
				CLANG_WARN_BOOL_CONVERSION = YES;
				CLANG_WARN_COMMA = YES;
				CLANG_WARN_CONSTANT_CONVERSION = YES;
				CLANG_WARN_DEPRECATED_OBJC_IMPLEMENTATIONS = YES;
				CLANG_WARN_DIRECT_OBJC_ISA_USAGE = YES_ERROR;
				CLANG_WARN_DOCUMENTATION_COMMENTS = YES;
				CLANG_WARN_EMPTY_BODY = YES;
				CLANG_WARN_ENUM_CONVERSION = YES;
				CLANG_WARN_INFINITE_RECURSION = YES;
				CLANG_WARN_INT_CONVERSION = YES;
				CLANG_WARN_NON_LITERAL_NULL_CONVERSION = YES;
				CLANG_WARN_OBJC_IMPLICIT_RETAIN_SELF = YES;
				CLANG_WARN_OBJC_LITERAL_CONVERSION = YES;
				CLANG_WARN_OBJC_ROOT_CLASS = YES_ERROR;
				CLANG_WARN_QUOTED_INCLUDE_IN_FRAMEWORK_HEADER = YES;
				CLANG_WARN_RANGE_LOOP_ANALYSIS = YES;
				CLANG_WARN_STRICT_PROTOTYPES = YES;
				CLANG_WARN_SUSPICIOUS_MOVE = YES;
				CLANG_WARN_UNGUARDED_AVAILABILITY = YES_AGGRESSIVE;
				CLANG_WARN_UNREACHABLE_CODE = YES;
				CLANG_WARN__DUPLICATE_METHOD_MATCH = YES;
				COPY_PHASE_STRIP = NO;
				DEBUG_INFORMATION_FORMAT = dwarf;
				ENABLE_STRICT_OBJC_MSGSEND = YES;
				ENABLE_TESTABILITY = YES;
				GCC_C_LANGUAGE_STANDARD = gnu11;
				GCC_DYNAMIC_NO_PIC = NO;
				GCC_NO_COMMON_BLOCKS = YES;
				GCC_OPTIMIZATION_LEVEL = 0;
				GCC_PREPROCESSOR_DEFINITIONS = (
					"DEBUG=1",
					"$(inherited)",
				);
				GCC_WARN_64_TO_32_BIT_CONVERSION = YES;
				GCC_WARN_ABOUT_RETURN_TYPE = YES_ERROR;
				GCC_WARN_UNDECLARED_SELECTOR = YES;
				GCC_WARN_UNINITIALIZED_AUTOS = YES_AGGRESSIVE;
				GCC_WARN_UNUSED_FUNCTION = YES;
				GCC_WARN_UNUSED_VARIABLE = YES;
				IPHONEOS_DEPLOYMENT_TARGET = 16.0;
				MTL_ENABLE_DEBUG_INFO = INCLUDE_SOURCE;
				MTL_FAST_MATH = YES;
				ONLY_ACTIVE_ARCH = YES;
				SDKROOT = iphoneos;
				SWIFT_ACTIVE_COMPILATION_CONDITIONS = DEBUG;
				SWIFT_OPTIMIZATION_LEVEL = "-Onone";
				SWIFT_STRICT_CONCURRENCY = complete;
			};
			name = Debug;
		};
		943DD4502A45737400C8B8A2 /* Release */ = {
			isa = XCBuildConfiguration;
			buildSettings = {
				ALWAYS_SEARCH_USER_PATHS = NO;
				CLANG_ANALYZER_NONNULL = YES;
				CLANG_ANALYZER_NUMBER_OBJECT_CONVERSION = YES_AGGRESSIVE;
				CLANG_CXX_LANGUAGE_STANDARD = "gnu++20";
				CLANG_ENABLE_MODULES = YES;
				CLANG_ENABLE_OBJC_ARC = YES;
				CLANG_ENABLE_OBJC_WEAK = YES;
				CLANG_WARN_BLOCK_CAPTURE_AUTORELEASING = YES;
				CLANG_WARN_BOOL_CONVERSION = YES;
				CLANG_WARN_COMMA = YES;
				CLANG_WARN_CONSTANT_CONVERSION = YES;
				CLANG_WARN_DEPRECATED_OBJC_IMPLEMENTATIONS = YES;
				CLANG_WARN_DIRECT_OBJC_ISA_USAGE = YES_ERROR;
				CLANG_WARN_DOCUMENTATION_COMMENTS = YES;
				CLANG_WARN_EMPTY_BODY = YES;
				CLANG_WARN_ENUM_CONVERSION = YES;
				CLANG_WARN_INFINITE_RECURSION = YES;
				CLANG_WARN_INT_CONVERSION = YES;
				CLANG_WARN_NON_LITERAL_NULL_CONVERSION = YES;
				CLANG_WARN_OBJC_IMPLICIT_RETAIN_SELF = YES;
				CLANG_WARN_OBJC_LITERAL_CONVERSION = YES;
				CLANG_WARN_OBJC_ROOT_CLASS = YES_ERROR;
				CLANG_WARN_QUOTED_INCLUDE_IN_FRAMEWORK_HEADER = YES;
				CLANG_WARN_RANGE_LOOP_ANALYSIS = YES;
				CLANG_WARN_STRICT_PROTOTYPES = YES;
				CLANG_WARN_SUSPICIOUS_MOVE = YES;
				CLANG_WARN_UNGUARDED_AVAILABILITY = YES_AGGRESSIVE;
				CLANG_WARN_UNREACHABLE_CODE = YES;
				CLANG_WARN__DUPLICATE_METHOD_MATCH = YES;
				COPY_PHASE_STRIP = NO;
				DEBUG_INFORMATION_FORMAT = "dwarf-with-dsym";
				ENABLE_NS_ASSERTIONS = NO;
				ENABLE_STRICT_OBJC_MSGSEND = YES;
				GCC_C_LANGUAGE_STANDARD = gnu11;
				GCC_NO_COMMON_BLOCKS = YES;
				GCC_WARN_64_TO_32_BIT_CONVERSION = YES;
				GCC_WARN_ABOUT_RETURN_TYPE = YES_ERROR;
				GCC_WARN_UNDECLARED_SELECTOR = YES;
				GCC_WARN_UNINITIALIZED_AUTOS = YES_AGGRESSIVE;
				GCC_WARN_UNUSED_FUNCTION = YES;
				GCC_WARN_UNUSED_VARIABLE = YES;
				IPHONEOS_DEPLOYMENT_TARGET = 16.0;
				MTL_ENABLE_DEBUG_INFO = NO;
				MTL_FAST_MATH = YES;
				SDKROOT = iphoneos;
				SWIFT_COMPILATION_MODE = wholemodule;
				SWIFT_OPTIMIZATION_LEVEL = "-O";
				SWIFT_STRICT_CONCURRENCY = complete;
				VALIDATE_PRODUCT = YES;
			};
			name = Release;
		};
		943DD4522A45737400C8B8A2 /* Debug */ = {
			isa = XCBuildConfiguration;
			baseConfigurationReference = AD3F6A74EA11CC4A015BF357 /* Pods-YandexProjectTodo2023.debug.xcconfig */;
			buildSettings = {
				ASSETCATALOG_COMPILER_APPICON_NAME = AppIcon;
				ASSETCATALOG_COMPILER_GLOBAL_ACCENT_COLOR_NAME = AccentColor;
				CODE_SIGN_STYLE = Automatic;
				CURRENT_PROJECT_VERSION = 1;
				DEVELOPMENT_TEAM = U3CGT88S32;
				GENERATE_INFOPLIST_FILE = YES;
				INFOPLIST_FILE = YandexProjectTodo2023/Info.plist;
				INFOPLIST_KEY_UIApplicationSupportsIndirectInputEvents = YES;
				INFOPLIST_KEY_UILaunchStoryboardName = LaunchScreen;
				INFOPLIST_KEY_UISupportedInterfaceOrientations_iPad = "UIInterfaceOrientationPortrait UIInterfaceOrientationPortraitUpsideDown UIInterfaceOrientationLandscapeLeft UIInterfaceOrientationLandscapeRight";
				INFOPLIST_KEY_UISupportedInterfaceOrientations_iPhone = "UIInterfaceOrientationPortrait UIInterfaceOrientationLandscapeLeft UIInterfaceOrientationLandscapeRight";
				LD_RUNPATH_SEARCH_PATHS = (
					"$(inherited)",
					"@executable_path/Frameworks",
				);
				MARKETING_VERSION = 1.0;
				PRODUCT_BUNDLE_IDENTIFIER = com.myorganization.YandexProjectTodo2023;
				PRODUCT_NAME = "$(TARGET_NAME)";
				SWIFT_EMIT_LOC_STRINGS = YES;
				SWIFT_VERSION = 5.0;
				TARGETED_DEVICE_FAMILY = "1,2";
			};
			name = Debug;
		};
		943DD4532A45737400C8B8A2 /* Release */ = {
			isa = XCBuildConfiguration;
			baseConfigurationReference = BA5D15F90CBD84342ADCCB93 /* Pods-YandexProjectTodo2023.release.xcconfig */;
			buildSettings = {
				ASSETCATALOG_COMPILER_APPICON_NAME = AppIcon;
				ASSETCATALOG_COMPILER_GLOBAL_ACCENT_COLOR_NAME = AccentColor;
				CODE_SIGN_STYLE = Automatic;
				CURRENT_PROJECT_VERSION = 1;
				DEVELOPMENT_TEAM = U3CGT88S32;
				GENERATE_INFOPLIST_FILE = YES;
				INFOPLIST_FILE = YandexProjectTodo2023/Info.plist;
				INFOPLIST_KEY_UIApplicationSupportsIndirectInputEvents = YES;
				INFOPLIST_KEY_UILaunchStoryboardName = LaunchScreen;
				INFOPLIST_KEY_UISupportedInterfaceOrientations_iPad = "UIInterfaceOrientationPortrait UIInterfaceOrientationPortraitUpsideDown UIInterfaceOrientationLandscapeLeft UIInterfaceOrientationLandscapeRight";
				INFOPLIST_KEY_UISupportedInterfaceOrientations_iPhone = "UIInterfaceOrientationPortrait UIInterfaceOrientationLandscapeLeft UIInterfaceOrientationLandscapeRight";
				LD_RUNPATH_SEARCH_PATHS = (
					"$(inherited)",
					"@executable_path/Frameworks",
				);
				MARKETING_VERSION = 1.0;
				PRODUCT_BUNDLE_IDENTIFIER = com.myorganization.YandexProjectTodo2023;
				PRODUCT_NAME = "$(TARGET_NAME)";
				SWIFT_EMIT_LOC_STRINGS = YES;
				SWIFT_VERSION = 5.0;
				TARGETED_DEVICE_FAMILY = "1,2";
			};
			name = Release;
		};
		943DD4672A4574FB00C8B8A2 /* Debug */ = {
			isa = XCBuildConfiguration;
			baseConfigurationReference = 56404AACB170AA47F3D773BE /* Pods-YandexProjectTodo2023Tests.debug.xcconfig */;
			buildSettings = {
				BUNDLE_LOADER = "$(TEST_HOST)";
				CODE_SIGN_STYLE = Automatic;
				CURRENT_PROJECT_VERSION = 1;
				DEVELOPMENT_TEAM = U3CGT88S32;
				GENERATE_INFOPLIST_FILE = YES;
				MARKETING_VERSION = 1.0;
				PRODUCT_BUNDLE_IDENTIFIER = com.myorganization.YandexProjectTodo2023Tests;
				PRODUCT_NAME = "$(TARGET_NAME)";
				SWIFT_EMIT_LOC_STRINGS = NO;
				SWIFT_VERSION = 5.0;
				TARGETED_DEVICE_FAMILY = "1,2";
				TEST_HOST = "$(BUILT_PRODUCTS_DIR)/YandexProjectTodo2023.app/$(BUNDLE_EXECUTABLE_FOLDER_PATH)/YandexProjectTodo2023";
			};
			name = Debug;
		};
		943DD4682A4574FB00C8B8A2 /* Release */ = {
			isa = XCBuildConfiguration;
			baseConfigurationReference = 437D768BBEBBBE867653B547 /* Pods-YandexProjectTodo2023Tests.release.xcconfig */;
			buildSettings = {
				BUNDLE_LOADER = "$(TEST_HOST)";
				CODE_SIGN_STYLE = Automatic;
				CURRENT_PROJECT_VERSION = 1;
				DEVELOPMENT_TEAM = U3CGT88S32;
				GENERATE_INFOPLIST_FILE = YES;
				MARKETING_VERSION = 1.0;
				PRODUCT_BUNDLE_IDENTIFIER = com.myorganization.YandexProjectTodo2023Tests;
				PRODUCT_NAME = "$(TARGET_NAME)";
				SWIFT_EMIT_LOC_STRINGS = NO;
				SWIFT_VERSION = 5.0;
				TARGETED_DEVICE_FAMILY = "1,2";
				TEST_HOST = "$(BUILT_PRODUCTS_DIR)/YandexProjectTodo2023.app/$(BUNDLE_EXECUTABLE_FOLDER_PATH)/YandexProjectTodo2023";
			};
			name = Release;
		};
/* End XCBuildConfiguration section */

/* Begin XCConfigurationList section */
		943DD4382A45737300C8B8A2 /* Build configuration list for PBXProject "YandexProjectTodo2023" */ = {
			isa = XCConfigurationList;
			buildConfigurations = (
				943DD44F2A45737400C8B8A2 /* Debug */,
				943DD4502A45737400C8B8A2 /* Release */,
			);
			defaultConfigurationIsVisible = 0;
			defaultConfigurationName = Release;
		};
		943DD4512A45737400C8B8A2 /* Build configuration list for PBXNativeTarget "YandexProjectTodo2023" */ = {
			isa = XCConfigurationList;
			buildConfigurations = (
				943DD4522A45737400C8B8A2 /* Debug */,
				943DD4532A45737400C8B8A2 /* Release */,
			);
			defaultConfigurationIsVisible = 0;
			defaultConfigurationName = Release;
		};
		943DD4662A4574FB00C8B8A2 /* Build configuration list for PBXNativeTarget "YandexProjectTodo2023Tests" */ = {
			isa = XCConfigurationList;
			buildConfigurations = (
				943DD4672A4574FB00C8B8A2 /* Debug */,
				943DD4682A4574FB00C8B8A2 /* Release */,
			);
			defaultConfigurationIsVisible = 0;
			defaultConfigurationName = Release;
		};
/* End XCConfigurationList section */

/* Begin XCRemoteSwiftPackageReference section */
		940D07EE2A59A9850049D66B /* XCRemoteSwiftPackageReference "SQLite.swift" */ = {
			isa = XCRemoteSwiftPackageReference;
			repositoryURL = "https://github.com/stephencelis/SQLite.swift.git";
			requirement = {
				kind = upToNextMajorVersion;
				minimumVersion = 0.14.1;
			};
		};
		94D824322A486E4800A4135B /* XCRemoteSwiftPackageReference "CocoaLumberjack" */ = {
			isa = XCRemoteSwiftPackageReference;
			repositoryURL = "https://github.com/CocoaLumberjack/CocoaLumberjack";
			requirement = {
				kind = upToNextMajorVersion;
				minimumVersion = 3.0.0;
			};
		};
		94D824372A486E6100A4135B /* XCRemoteSwiftPackageReference "FileCachePackage" */ = {
			isa = XCRemoteSwiftPackageReference;
			repositoryURL = "https://github.com/TheViLkiS/FileCachePackage";
			requirement = {
				branch = main;
				kind = branch;
			};
		};
/* End XCRemoteSwiftPackageReference section */

/* Begin XCSwiftPackageProductDependency section */
		940D07EF2A59A9850049D66B /* SQLite */ = {
			isa = XCSwiftPackageProductDependency;
			package = 940D07EE2A59A9850049D66B /* XCRemoteSwiftPackageReference "SQLite.swift" */;
			productName = SQLite;
		};
		94D824332A486E4800A4135B /* CocoaLumberjack */ = {
			isa = XCSwiftPackageProductDependency;
			package = 94D824322A486E4800A4135B /* XCRemoteSwiftPackageReference "CocoaLumberjack" */;
			productName = CocoaLumberjack;
		};
		94D824352A486E4800A4135B /* CocoaLumberjackSwift */ = {
			isa = XCSwiftPackageProductDependency;
			package = 94D824322A486E4800A4135B /* XCRemoteSwiftPackageReference "CocoaLumberjack" */;
			productName = CocoaLumberjackSwift;
		};
		94D824382A486E6100A4135B /* FileCachePackage */ = {
			isa = XCSwiftPackageProductDependency;
			package = 94D824372A486E6100A4135B /* XCRemoteSwiftPackageReference "FileCachePackage" */;
			productName = FileCachePackage;
		};
/* End XCSwiftPackageProductDependency section */

/* Begin XCVersionGroup section */
		940D07F32A5C0F010049D66B /* FileCacheCoreDataModel.xcdatamodeld */ = {
			isa = XCVersionGroup;
			children = (
				940D07F42A5C0F010049D66B /* FileCacheCoreDataModel.xcdatamodel */,
			);
			currentVersion = 940D07F42A5C0F010049D66B /* FileCacheCoreDataModel.xcdatamodel */;
			path = FileCacheCoreDataModel.xcdatamodeld;
			sourceTree = "<group>";
			versionGroupType = wrapper.xcdatamodel;
		};
/* End XCVersionGroup section */
	};
	rootObject = 943DD4352A45737300C8B8A2 /* Project object */;
}
